
Microsoft Visual Studio Solution File, Format Version 12.00
# Visual Studio Version 16
VisualStudioVersion = 16.0.29209.62
MinimumVisualStudioVersion = 10.0.40219.1
Project("{9A19103F-16F7-4668-BE54-9A1E7A4F7556}") = "Spreadsheet", "Spreadsheet\Spreadsheet.csproj", "{BD51AD38-783E-4A01-8DEA-D8D482546443}"
EndProject
Project("{FAE04EC0-301F-11D3-BF4B-00C04F79EFBC}") = "Resources", "Resources\Resources.csproj", "{44D1A172-C599-4543-9A33-382CF192EFFA}"
EndProject
Project("{9A19103F-16F7-4668-BE54-9A1E7A4F7556}") = "SpreadsheetTests", "SpreadsheetTests\SpreadsheetTests.csproj", "{BA649599-7009-40F7-B406-10EB91717376}"
EndProject
Project("{FAE04EC0-301F-11D3-BF4B-00C04F79EFBC}") = "Grading", "Grading\Grading.csproj", "{DB1D88E0-85AE-4133-AA33-5DF19768EC57}"
EndProject
Global
	GlobalSection(SolutionConfigurationPlatforms) = preSolution
		Debug|Any CPU = Debug|Any CPU
		Release|Any CPU = Release|Any CPU
	EndGlobalSection
	GlobalSection(ProjectConfigurationPlatforms) = postSolution
		{BD51AD38-783E-4A01-8DEA-D8D482546443}.Debug|Any CPU.ActiveCfg = Debug|Any CPU
		{BD51AD38-783E-4A01-8DEA-D8D482546443}.Debug|Any CPU.Build.0 = Debug|Any CPU
		{BD51AD38-783E-4A01-8DEA-D8D482546443}.Release|Any CPU.ActiveCfg = Release|Any CPU
		{BD51AD38-783E-4A01-8DEA-D8D482546443}.Release|Any CPU.Build.0 = Release|Any CPU
		{44D1A172-C599-4543-9A33-382CF192EFFA}.Debug|Any CPU.ActiveCfg = Debug|Any CPU
		{44D1A172-C599-4543-9A33-382CF192EFFA}.Release|Any CPU.ActiveCfg = Release|Any CPU
		{44D1A172-C599-4543-9A33-382CF192EFFA}.Release|Any CPU.Build.0 = Release|Any CPU
		{BA649599-7009-40F7-B406-10EB91717376}.Debug|Any CPU.ActiveCfg = Debug|Any CPU
		{BA649599-7009-40F7-B406-10EB91717376}.Debug|Any CPU.Build.0 = Debug|Any CPU
		{BA649599-7009-40F7-B406-10EB91717376}.Release|Any CPU.ActiveCfg = Release|Any CPU
		{BA649599-7009-40F7-B406-10EB91717376}.Release|Any CPU.Build.0 = Release|Any CPU
		{DB1D88E0-85AE-4133-AA33-5DF19768EC57}.Debug|Any CPU.ActiveCfg = Debug|Any CPU
		{DB1D88E0-85AE-4133-AA33-5DF19768EC57}.Debug|Any CPU.Build.0 = Debug|Any CPU
		{DB1D88E0-85AE-4133-AA33-5DF19768EC57}.Release|Any CPU.ActiveCfg = Release|Any CPU
		{DB1D88E0-85AE-4133-AA33-5DF19768EC57}.Release|Any CPU.Build.0 = Release|Any CPU
	EndGlobalSection
	GlobalSection(SolutionProperties) = preSolution
		HideSolutionNode = FALSE
	EndGlobalSection
	GlobalSection(ExtensibilityGlobals) = postSolution
		SolutionGuid = {EEDE60CF-943C-4CDA-862B-3D0E9123FB60}
	EndGlobalSection
EndGlobal
