
Microsoft Visual Studio Solution File, Format Version 12.00
# Visual Studio Version 16
VisualStudioVersion = 16.0.29209.62
MinimumVisualStudioVersion = 10.0.40219.1
Project("{FAE04EC0-301F-11D3-BF4B-00C04F79EFBC}") = "FormulaEvaluator", "FormulaEvaluator\FormulaEvaluator.csproj", "{3C00BE3D-3157-45A4-BA15-6538348BF6A9}"
EndProject
Project("{FAE04EC0-301F-11D3-BF4B-00C04F79EFBC}") = "TestDLL", "TestDLL\TestDLL.csproj", "{32125CB3-C47F-43C1-86ED-1CEBF25A93D7}"
EndProject
Global
	GlobalSection(SolutionConfigurationPlatforms) = preSolution
		Debug|Any CPU = Debug|Any CPU
		Release|Any CPU = Release|Any CPU
	EndGlobalSection
	GlobalSection(ProjectConfigurationPlatforms) = postSolution
		{3C00BE3D-3157-45A4-BA15-6538348BF6A9}.Debug|Any CPU.ActiveCfg = Debug|Any CPU
		{3C00BE3D-3157-45A4-BA15-6538348BF6A9}.Debug|Any CPU.Build.0 = Debug|Any CPU
		{3C00BE3D-3157-45A4-BA15-6538348BF6A9}.Release|Any CPU.ActiveCfg = Release|Any CPU
		{3C00BE3D-3157-45A4-BA15-6538348BF6A9}.Release|Any CPU.Build.0 = Release|Any CPU
		{32125CB3-C47F-43C1-86ED-1CEBF25A93D7}.Debug|Any CPU.ActiveCfg = Debug|Any CPU
		{32125CB3-C47F-43C1-86ED-1CEBF25A93D7}.Debug|Any CPU.Build.0 = Debug|Any CPU
		{32125CB3-C47F-43C1-86ED-1CEBF25A93D7}.Release|Any CPU.ActiveCfg = Release|Any CPU
		{32125CB3-C47F-43C1-86ED-1CEBF25A93D7}.Release|Any CPU.Build.0 = Release|Any CPU
	EndGlobalSection
	GlobalSection(SolutionProperties) = preSolution
		HideSolutionNode = FALSE
	EndGlobalSection
	GlobalSection(ExtensibilityGlobals) = postSolution
		SolutionGuid = {406B2415-7270-4F11-BA0B-8498E34E18FC}
	EndGlobalSection
EndGlobal
